
Microsoft Visual Studio Solution File, Format Version 12.00
# Visual Studio 2013
VisualStudioVersion = 12.0.30501.0
MinimumVisualStudioVersion = 10.0.40219.1
Project("{FAE04EC0-301F-11D3-BF4B-00C04F79EFBC}") = "CatalogOfFreeContent.Test", "CatalogOfFreeContent.Test\CatalogOfFreeContent.Test.csproj", "{A7EA0A4A-3B79-4689-855E-392AB381D0F0}"
EndProject
Project("{FAE04EC0-301F-11D3-BF4B-00C04F79EFBC}") = "CatalogOfFreeContent.ConsoleClient", "CatalogOfFreeContent.ConsoleClient\CatalogOfFreeContent.ConsoleClient.csproj", "{F84858DA-98B2-437A-A4E6-197E866538B3}"
EndProject
Project("{FAE04EC0-301F-11D3-BF4B-00C04F79EFBC}") = "CatalogOfFreeContent.Lib", "CatalogOfFreeContent.Lib\CatalogOfFreeContent.Lib.csproj", "{708FF743-6DCB-4671-A7FC-272D45FA731E}"
EndProject
Global
	GlobalSection(SolutionConfigurationPlatforms) = preSolution
		Debug|Any CPU = Debug|Any CPU
		Release|Any CPU = Release|Any CPU
	EndGlobalSection
	GlobalSection(ProjectConfigurationPlatforms) = postSolution
		{A7EA0A4A-3B79-4689-855E-392AB381D0F0}.Debug|Any CPU.ActiveCfg = Debug|Any CPU
		{A7EA0A4A-3B79-4689-855E-392AB381D0F0}.Debug|Any CPU.Build.0 = Debug|Any CPU
		{A7EA0A4A-3B79-4689-855E-392AB381D0F0}.Release|Any CPU.ActiveCfg = Release|Any CPU
		{A7EA0A4A-3B79-4689-855E-392AB381D0F0}.Release|Any CPU.Build.0 = Release|Any CPU
		{F84858DA-98B2-437A-A4E6-197E866538B3}.Debug|Any CPU.ActiveCfg = Debug|Any CPU
		{F84858DA-98B2-437A-A4E6-197E866538B3}.Debug|Any CPU.Build.0 = Debug|Any CPU
		{F84858DA-98B2-437A-A4E6-197E866538B3}.Release|Any CPU.ActiveCfg = Release|Any CPU
		{F84858DA-98B2-437A-A4E6-197E866538B3}.Release|Any CPU.Build.0 = Release|Any CPU
		{708FF743-6DCB-4671-A7FC-272D45FA731E}.Debug|Any CPU.ActiveCfg = Debug|Any CPU
		{708FF743-6DCB-4671-A7FC-272D45FA731E}.Debug|Any CPU.Build.0 = Debug|Any CPU
		{708FF743-6DCB-4671-A7FC-272D45FA731E}.Release|Any CPU.ActiveCfg = Release|Any CPU
		{708FF743-6DCB-4671-A7FC-272D45FA731E}.Release|Any CPU.Build.0 = Release|Any CPU
	EndGlobalSection
	GlobalSection(SolutionProperties) = preSolution
		HideSolutionNode = FALSE
	EndGlobalSection
EndGlobal
