
Microsoft Visual Studio Solution File, Format Version 12.00
# Visual Studio 14
VisualStudioVersion = 14.0.24720.0
MinimumVisualStudioVersion = 10.0.40219.1
Project("{FAE04EC0-301F-11D3-BF4B-00C04F79EFBC}") = "1.UserProfile", "UserProfile\1.UserProfile.csproj", "{335A13ED-B43F-47EF-8343-576383D6EDF1}"
EndProject
Project("{FAE04EC0-301F-11D3-BF4B-00C04F79EFBC}") = "2.InternationalCompany", "InternationalCompany\2.InternationalCompany.csproj", "{B62CD514-7E84-42EF-A413-6599711AB63F}"
EndProject
Global
	GlobalSection(SolutionConfigurationPlatforms) = preSolution
		Debug|Any CPU = Debug|Any CPU
		Release|Any CPU = Release|Any CPU
	EndGlobalSection
	GlobalSection(ProjectConfigurationPlatforms) = postSolution
		{335A13ED-B43F-47EF-8343-576383D6EDF1}.Debug|Any CPU.ActiveCfg = Debug|Any CPU
		{335A13ED-B43F-47EF-8343-576383D6EDF1}.Debug|Any CPU.Build.0 = Debug|Any CPU
		{335A13ED-B43F-47EF-8343-576383D6EDF1}.Release|Any CPU.ActiveCfg = Release|Any CPU
		{335A13ED-B43F-47EF-8343-576383D6EDF1}.Release|Any CPU.Build.0 = Release|Any CPU
		{B62CD514-7E84-42EF-A413-6599711AB63F}.Debug|Any CPU.ActiveCfg = Debug|Any CPU
		{B62CD514-7E84-42EF-A413-6599711AB63F}.Debug|Any CPU.Build.0 = Debug|Any CPU
		{B62CD514-7E84-42EF-A413-6599711AB63F}.Release|Any CPU.ActiveCfg = Release|Any CPU
		{B62CD514-7E84-42EF-A413-6599711AB63F}.Release|Any CPU.Build.0 = Release|Any CPU
	EndGlobalSection
	GlobalSection(SolutionProperties) = preSolution
		HideSolutionNode = FALSE
	EndGlobalSection
EndGlobal
