
Microsoft Visual Studio Solution File, Format Version 12.00
# Visual Studio 2012
Project("{FAE04EC0-301F-11D3-BF4B-00C04F79EFBC}") = "task1", "task1\task1.csproj", "{094C6EB2-57CB-41AF-B073-481A6C7B9354}"
EndProject
Project("{FAE04EC0-301F-11D3-BF4B-00C04F79EFBC}") = "task2", "task2\task2.csproj", "{AEB7071D-4644-4DB9-A5BB-EBA5DAF716AE}"
EndProject
Project("{FAE04EC0-301F-11D3-BF4B-00C04F79EFBC}") = "task3", "task3\task3.csproj", "{DE35A50D-B043-4921-A088-1DE5640ED282}"
EndProject
Global
	GlobalSection(SolutionConfigurationPlatforms) = preSolution
		Debug|Any CPU = Debug|Any CPU
		Release|Any CPU = Release|Any CPU
	EndGlobalSection
	GlobalSection(ProjectConfigurationPlatforms) = postSolution
		{094C6EB2-57CB-41AF-B073-481A6C7B9354}.Debug|Any CPU.ActiveCfg = Debug|Any CPU
		{094C6EB2-57CB-41AF-B073-481A6C7B9354}.Debug|Any CPU.Build.0 = Debug|Any CPU
		{094C6EB2-57CB-41AF-B073-481A6C7B9354}.Release|Any CPU.ActiveCfg = Release|Any CPU
		{094C6EB2-57CB-41AF-B073-481A6C7B9354}.Release|Any CPU.Build.0 = Release|Any CPU
		{AEB7071D-4644-4DB9-A5BB-EBA5DAF716AE}.Debug|Any CPU.ActiveCfg = Debug|Any CPU
		{AEB7071D-4644-4DB9-A5BB-EBA5DAF716AE}.Debug|Any CPU.Build.0 = Debug|Any CPU
		{AEB7071D-4644-4DB9-A5BB-EBA5DAF716AE}.Release|Any CPU.ActiveCfg = Release|Any CPU
		{AEB7071D-4644-4DB9-A5BB-EBA5DAF716AE}.Release|Any CPU.Build.0 = Release|Any CPU
		{DE35A50D-B043-4921-A088-1DE5640ED282}.Debug|Any CPU.ActiveCfg = Debug|Any CPU
		{DE35A50D-B043-4921-A088-1DE5640ED282}.Debug|Any CPU.Build.0 = Debug|Any CPU
		{DE35A50D-B043-4921-A088-1DE5640ED282}.Release|Any CPU.ActiveCfg = Release|Any CPU
		{DE35A50D-B043-4921-A088-1DE5640ED282}.Release|Any CPU.Build.0 = Release|Any CPU
	EndGlobalSection
	GlobalSection(SolutionProperties) = preSolution
		HideSolutionNode = FALSE
	EndGlobalSection
EndGlobal
