
Microsoft Visual Studio Solution File, Format Version 12.00
# Visual Studio 14
VisualStudioVersion = 14.0.24720.0
MinimumVisualStudioVersion = 10.0.40219.1
Project("{FAE04EC0-301F-11D3-BF4B-00C04F79EFBC}") = "1.HelloApp", "1.HelloApp\1.HelloApp.csproj", "{CA9E232D-BE13-487A-A264-DBF3D0689E4C}"
EndProject
Project("{FAE04EC0-301F-11D3-BF4B-00C04F79EFBC}") = "2.WebFormsApp", "WebFormsApp\2.WebFormsApp.csproj", "{9C235BE3-7E01-4D35-996A-2B0B3F4085DC}"
EndProject
Project("{FAE04EC0-301F-11D3-BF4B-00C04F79EFBC}") = "PageLifeCycleEvents", "PageLifeCycleEvents\PageLifeCycleEvents.csproj", "{20D108D0-390A-4E62-87F7-4ACF82018F8D}"
EndProject
Global
	GlobalSection(SolutionConfigurationPlatforms) = preSolution
		Debug|Any CPU = Debug|Any CPU
		Release|Any CPU = Release|Any CPU
	EndGlobalSection
	GlobalSection(ProjectConfigurationPlatforms) = postSolution
		{CA9E232D-BE13-487A-A264-DBF3D0689E4C}.Debug|Any CPU.ActiveCfg = Debug|Any CPU
		{CA9E232D-BE13-487A-A264-DBF3D0689E4C}.Debug|Any CPU.Build.0 = Debug|Any CPU
		{CA9E232D-BE13-487A-A264-DBF3D0689E4C}.Release|Any CPU.ActiveCfg = Release|Any CPU
		{CA9E232D-BE13-487A-A264-DBF3D0689E4C}.Release|Any CPU.Build.0 = Release|Any CPU
		{9C235BE3-7E01-4D35-996A-2B0B3F4085DC}.Debug|Any CPU.ActiveCfg = Debug|Any CPU
		{9C235BE3-7E01-4D35-996A-2B0B3F4085DC}.Debug|Any CPU.Build.0 = Debug|Any CPU
		{9C235BE3-7E01-4D35-996A-2B0B3F4085DC}.Release|Any CPU.ActiveCfg = Release|Any CPU
		{9C235BE3-7E01-4D35-996A-2B0B3F4085DC}.Release|Any CPU.Build.0 = Release|Any CPU
		{20D108D0-390A-4E62-87F7-4ACF82018F8D}.Debug|Any CPU.ActiveCfg = Debug|Any CPU
		{20D108D0-390A-4E62-87F7-4ACF82018F8D}.Debug|Any CPU.Build.0 = Debug|Any CPU
		{20D108D0-390A-4E62-87F7-4ACF82018F8D}.Release|Any CPU.ActiveCfg = Release|Any CPU
		{20D108D0-390A-4E62-87F7-4ACF82018F8D}.Release|Any CPU.Build.0 = Release|Any CPU
	EndGlobalSection
	GlobalSection(SolutionProperties) = preSolution
		HideSolutionNode = FALSE
	EndGlobalSection
EndGlobal
