
Microsoft Visual Studio Solution File, Format Version 12.00
# Visual Studio 14
VisualStudioVersion = 14.0.24720.0
MinimumVisualStudioVersion = 10.0.40219.1
Project("{FAE04EC0-301F-11D3-BF4B-00C04F79EFBC}") = "MoviesSystem.Data", "MoviesSystem.Data\MoviesSystem.Data.csproj", "{8E82192B-E1E8-4E5B-AAF3-28F7650B8AAA}"
EndProject
Project("{FAE04EC0-301F-11D3-BF4B-00C04F79EFBC}") = "MoviesSystem.Data.Models", "MoviesSystem.Data.Models\MoviesSystem.Data.Models.csproj", "{6BF8FE90-1DE4-42A2-B2A1-D80D5389A980}"
EndProject
Project("{FAE04EC0-301F-11D3-BF4B-00C04F79EFBC}") = "MoviesSystem.Data.Services", "MoviesSystem.Data.Services\MoviesSystem.Data.Services.csproj", "{703E7641-CD99-4F64-B1C6-613E837E06BE}"
EndProject
Project("{FAE04EC0-301F-11D3-BF4B-00C04F79EFBC}") = "MoviesSystem.Web.Models", "MoviesSystem.Web.Models\MoviesSystem.Web.Models.csproj", "{79154A8F-9D4D-4D13-8B84-0486F2438407}"
EndProject
Project("{FAE04EC0-301F-11D3-BF4B-00C04F79EFBC}") = "MoviesSystem.Web.Infrastructure", "MoviesSystem.Web.Infrastructure\MoviesSystem.Web.Infrastructure.csproj", "{C8146670-93F6-4633-A946-9E666CF6ED01}"
EndProject
Project("{FAE04EC0-301F-11D3-BF4B-00C04F79EFBC}") = "MoviesSystem.Web", "MoviesSystem.Web\MoviesSystem.Web.csproj", "{2BA9D42D-B156-48A5-8C25-64CB655548C6}"
EndProject
Global
	GlobalSection(SolutionConfigurationPlatforms) = preSolution
		Debug|Any CPU = Debug|Any CPU
		Release|Any CPU = Release|Any CPU
	EndGlobalSection
	GlobalSection(ProjectConfigurationPlatforms) = postSolution
		{8E82192B-E1E8-4E5B-AAF3-28F7650B8AAA}.Debug|Any CPU.ActiveCfg = Debug|Any CPU
		{8E82192B-E1E8-4E5B-AAF3-28F7650B8AAA}.Debug|Any CPU.Build.0 = Debug|Any CPU
		{8E82192B-E1E8-4E5B-AAF3-28F7650B8AAA}.Release|Any CPU.ActiveCfg = Release|Any CPU
		{8E82192B-E1E8-4E5B-AAF3-28F7650B8AAA}.Release|Any CPU.Build.0 = Release|Any CPU
		{6BF8FE90-1DE4-42A2-B2A1-D80D5389A980}.Debug|Any CPU.ActiveCfg = Debug|Any CPU
		{6BF8FE90-1DE4-42A2-B2A1-D80D5389A980}.Debug|Any CPU.Build.0 = Debug|Any CPU
		{6BF8FE90-1DE4-42A2-B2A1-D80D5389A980}.Release|Any CPU.ActiveCfg = Release|Any CPU
		{6BF8FE90-1DE4-42A2-B2A1-D80D5389A980}.Release|Any CPU.Build.0 = Release|Any CPU
		{703E7641-CD99-4F64-B1C6-613E837E06BE}.Debug|Any CPU.ActiveCfg = Debug|Any CPU
		{703E7641-CD99-4F64-B1C6-613E837E06BE}.Debug|Any CPU.Build.0 = Debug|Any CPU
		{703E7641-CD99-4F64-B1C6-613E837E06BE}.Release|Any CPU.ActiveCfg = Release|Any CPU
		{703E7641-CD99-4F64-B1C6-613E837E06BE}.Release|Any CPU.Build.0 = Release|Any CPU
		{79154A8F-9D4D-4D13-8B84-0486F2438407}.Debug|Any CPU.ActiveCfg = Debug|Any CPU
		{79154A8F-9D4D-4D13-8B84-0486F2438407}.Debug|Any CPU.Build.0 = Debug|Any CPU
		{79154A8F-9D4D-4D13-8B84-0486F2438407}.Release|Any CPU.ActiveCfg = Release|Any CPU
		{79154A8F-9D4D-4D13-8B84-0486F2438407}.Release|Any CPU.Build.0 = Release|Any CPU
		{C8146670-93F6-4633-A946-9E666CF6ED01}.Debug|Any CPU.ActiveCfg = Debug|Any CPU
		{C8146670-93F6-4633-A946-9E666CF6ED01}.Debug|Any CPU.Build.0 = Debug|Any CPU
		{C8146670-93F6-4633-A946-9E666CF6ED01}.Release|Any CPU.ActiveCfg = Release|Any CPU
		{C8146670-93F6-4633-A946-9E666CF6ED01}.Release|Any CPU.Build.0 = Release|Any CPU
		{2BA9D42D-B156-48A5-8C25-64CB655548C6}.Debug|Any CPU.ActiveCfg = Debug|Any CPU
		{2BA9D42D-B156-48A5-8C25-64CB655548C6}.Debug|Any CPU.Build.0 = Debug|Any CPU
		{2BA9D42D-B156-48A5-8C25-64CB655548C6}.Release|Any CPU.ActiveCfg = Release|Any CPU
		{2BA9D42D-B156-48A5-8C25-64CB655548C6}.Release|Any CPU.Build.0 = Release|Any CPU
	EndGlobalSection
	GlobalSection(SolutionProperties) = preSolution
		HideSolutionNode = FALSE
	EndGlobalSection
EndGlobal
